// !$*UTF8*$!
{
	archiveVersion = 1;
	classes = {
	};
	objectVersion = 46;
	objects = {

/* Begin PBXBuildFile section */
		ABCF4BC01EAD0C9A0028CAA3 /* Nibble.swift in Sources */ = {isa = PBXBuildFile; fileRef = ABCF4BBC1EAD0C9A0028CAA3 /* Nibble.swift */; };
		ABCF4BC11EAD0C9A0028CAA3 /* Nibble.swift in Sources */ = {isa = PBXBuildFile; fileRef = ABCF4BBC1EAD0C9A0028CAA3 /* Nibble.swift */; };
		ABCF4BC21EAD0C9A0028CAA3 /* S-AES.swift in Sources */ = {isa = PBXBuildFile; fileRef = ABCF4BBD1EAD0C9A0028CAA3 /* S-AES.swift */; };
		ABCF4BC31EAD0C9A0028CAA3 /* S-AES.swift in Sources */ = {isa = PBXBuildFile; fileRef = ABCF4BBD1EAD0C9A0028CAA3 /* S-AES.swift */; };
		ABCF4BC41EAD0C9A0028CAA3 /* SwiftSAES.h in Headers */ = {isa = PBXBuildFile; fileRef = ABCF4BBE1EAD0C9A0028CAA3 /* SwiftSAES.h */; settings = {ATTRIBUTES = (Public, ); }; };
		CE3C3B981BF9E39F005D8F7B /* main.swift in Sources */ = {isa = PBXBuildFile; fileRef = CE3C3B971BF9E39F005D8F7B /* main.swift */; };
/* End PBXBuildFile section */

/* Begin PBXCopyFilesBuildPhase section */
		CE3C3B921BF9E39F005D8F7B /* CopyFiles */ = {
			isa = PBXCopyFilesBuildPhase;
			buildActionMask = 2147483647;
			dstPath = /usr/share/man/man1/;
			dstSubfolderSpec = 0;
			files = (
			);
			runOnlyForDeploymentPostprocessing = 1;
		};
/* End PBXCopyFilesBuildPhase section */

/* Begin PBXFileReference section */
		ABCF4BB11EAD05A70028CAA3 /* SwiftSAES.framework */ = {isa = PBXFileReference; explicitFileType = wrapper.framework; includeInIndex = 0; path = SwiftSAES.framework; sourceTree = BUILT_PRODUCTS_DIR; };
		ABCF4BBB1EAD0C9A0028CAA3 /* Info.plist */ = {isa = PBXFileReference; fileEncoding = 4; lastKnownFileType = text.plist.xml; name = Info.plist; path = "swift-s-aes/Info.plist"; sourceTree = SOURCE_ROOT; };
		ABCF4BBC1EAD0C9A0028CAA3 /* Nibble.swift */ = {isa = PBXFileReference; fileEncoding = 4; lastKnownFileType = sourcecode.swift; name = Nibble.swift; path = "swift-s-aes/Nibble.swift"; sourceTree = SOURCE_ROOT; };
		ABCF4BBD1EAD0C9A0028CAA3 /* S-AES.swift */ = {isa = PBXFileReference; fileEncoding = 4; lastKnownFileType = sourcecode.swift; name = "S-AES.swift"; path = "swift-s-aes/S-AES.swift"; sourceTree = SOURCE_ROOT; };
		ABCF4BBE1EAD0C9A0028CAA3 /* SwiftSAES.h */ = {isa = PBXFileReference; fileEncoding = 4; lastKnownFileType = sourcecode.c.h; name = SwiftSAES.h; path = "swift-s-aes/SwiftSAES.h"; sourceTree = SOURCE_ROOT; };
		CE3C3B941BF9E39F005D8F7B /* swift-s-aes */ = {isa = PBXFileReference; explicitFileType = "compiled.mach-o.executable"; includeInIndex = 0; path = "swift-s-aes"; sourceTree = BUILT_PRODUCTS_DIR; };
		CE3C3B971BF9E39F005D8F7B /* main.swift */ = {isa = PBXFileReference; lastKnownFileType = sourcecode.swift; path = main.swift; sourceTree = "<group>"; };
		CE9550F31BFB351F00E16B18 /* README.md */ = {isa = PBXFileReference; fileEncoding = 4; lastKnownFileType = net.daringfireball.markdown; path = README.md; sourceTree = "<group>"; };
/* End PBXFileReference section */

/* Begin PBXFrameworksBuildPhase section */
		ABCF4BAD1EAD05A70028CAA3 /* Frameworks */ = {
			isa = PBXFrameworksBuildPhase;
			buildActionMask = 2147483647;
			files = (
			);
			runOnlyForDeploymentPostprocessing = 0;
		};
		CE3C3B911BF9E39F005D8F7B /* Frameworks */ = {
			isa = PBXFrameworksBuildPhase;
			buildActionMask = 2147483647;
			files = (
			);
			runOnlyForDeploymentPostprocessing = 0;
		};
/* End PBXFrameworksBuildPhase section */

/* Begin PBXGroup section */
		ABCF4BB21EAD05A70028CAA3 /* SwiftSAES */ = {
			isa = PBXGroup;
			children = (
				ABCF4BBE1EAD0C9A0028CAA3 /* SwiftSAES.h */,
				ABCF4BBC1EAD0C9A0028CAA3 /* Nibble.swift */,
				ABCF4BBD1EAD0C9A0028CAA3 /* S-AES.swift */,
				ABCF4BBB1EAD0C9A0028CAA3 /* Info.plist */,
			);
			path = SwiftSAES;
			sourceTree = "<group>";
		};
		CE3C3B8B1BF9E39F005D8F7B = {
			isa = PBXGroup;
			children = (
				CE9550F31BFB351F00E16B18 /* README.md */,
				CE3C3B961BF9E39F005D8F7B /* swift-s-aes */,
				ABCF4BB21EAD05A70028CAA3 /* SwiftSAES */,
				CE3C3B951BF9E39F005D8F7B /* Products */,
			);
			sourceTree = "<group>";
		};
		CE3C3B951BF9E39F005D8F7B /* Products */ = {
			isa = PBXGroup;
			children = (
				CE3C3B941BF9E39F005D8F7B /* swift-s-aes */,
				ABCF4BB11EAD05A70028CAA3 /* SwiftSAES.framework */,
			);
			name = Products;
			sourceTree = "<group>";
		};
		CE3C3B961BF9E39F005D8F7B /* swift-s-aes */ = {
			isa = PBXGroup;
			children = (
				CE3C3B971BF9E39F005D8F7B /* main.swift */,
			);
			path = "swift-s-aes";
			sourceTree = "<group>";
		};
/* End PBXGroup section */

/* Begin PBXHeadersBuildPhase section */
		ABCF4BAE1EAD05A70028CAA3 /* Headers */ = {
			isa = PBXHeadersBuildPhase;
			buildActionMask = 2147483647;
			files = (
				ABCF4BC41EAD0C9A0028CAA3 /* SwiftSAES.h in Headers */,
			);
			runOnlyForDeploymentPostprocessing = 0;
		};
/* End PBXHeadersBuildPhase section */

/* Begin PBXNativeTarget section */
		ABCF4BB01EAD05A70028CAA3 /* SwiftSAES */ = {
			isa = PBXNativeTarget;
			buildConfigurationList = ABCF4BB61EAD05A70028CAA3 /* Build configuration list for PBXNativeTarget "SwiftSAES" */;
			buildPhases = (
				ABCF4BAC1EAD05A70028CAA3 /* Sources */,
				ABCF4BAD1EAD05A70028CAA3 /* Frameworks */,
				ABCF4BAE1EAD05A70028CAA3 /* Headers */,
				ABCF4BAF1EAD05A70028CAA3 /* Resources */,
			);
			buildRules = (
			);
			dependencies = (
			);
			name = SwiftSAES;
			productName = SwiftSAES;
			productReference = ABCF4BB11EAD05A70028CAA3 /* SwiftSAES.framework */;
			productType = "com.apple.product-type.framework";
		};
		CE3C3B931BF9E39F005D8F7B /* swift-s-aes */ = {
			isa = PBXNativeTarget;
			buildConfigurationList = CE3C3B9B1BF9E39F005D8F7B /* Build configuration list for PBXNativeTarget "swift-s-aes" */;
			buildPhases = (
				CE3C3B901BF9E39F005D8F7B /* Sources */,
				CE3C3B911BF9E39F005D8F7B /* Frameworks */,
				CE3C3B921BF9E39F005D8F7B /* CopyFiles */,
			);
			buildRules = (
			);
			dependencies = (
			);
			name = "swift-s-aes";
			productName = "swift-s-aes";
			productReference = CE3C3B941BF9E39F005D8F7B /* swift-s-aes */;
			productType = "com.apple.product-type.tool";
		};
/* End PBXNativeTarget section */

/* Begin PBXProject section */
		CE3C3B8C1BF9E39F005D8F7B /* Project object */ = {
			isa = PBXProject;
			attributes = {
				LastSwiftUpdateCheck = 0710;
				LastUpgradeCheck = 0830;
				ORGANIZATIONNAME = "Jonathan Chan";
				TargetAttributes = {
					ABCF4BB01EAD05A70028CAA3 = {
						CreatedOnToolsVersion = 8.3.2;
						LastSwiftMigration = 0830;
						ProvisioningStyle = Automatic;
					};
					CE3C3B931BF9E39F005D8F7B = {
						CreatedOnToolsVersion = 7.1.1;
						LastSwiftMigration = 0830;
					};
				};
			};
			buildConfigurationList = CE3C3B8F1BF9E39F005D8F7B /* Build configuration list for PBXProject "swift-s-aes" */;
			compatibilityVersion = "Xcode 3.2";
			developmentRegion = English;
			hasScannedForEncodings = 0;
			knownRegions = (
				en,
			);
			mainGroup = CE3C3B8B1BF9E39F005D8F7B;
			productRefGroup = CE3C3B951BF9E39F005D8F7B /* Products */;
			projectDirPath = "";
			projectRoot = "";
			targets = (
				CE3C3B931BF9E39F005D8F7B /* swift-s-aes */,
				ABCF4BB01EAD05A70028CAA3 /* SwiftSAES */,
			);
		};
/* End PBXProject section */

/* Begin PBXResourcesBuildPhase section */
		ABCF4BAF1EAD05A70028CAA3 /* Resources */ = {
			isa = PBXResourcesBuildPhase;
			buildActionMask = 2147483647;
			files = (
			);
			runOnlyForDeploymentPostprocessing = 0;
		};
/* End PBXResourcesBuildPhase section */

/* Begin PBXSourcesBuildPhase section */
		ABCF4BAC1EAD05A70028CAA3 /* Sources */ = {
			isa = PBXSourcesBuildPhase;
			buildActionMask = 2147483647;
			files = (
				ABCF4BC11EAD0C9A0028CAA3 /* Nibble.swift in Sources */,
				ABCF4BC31EAD0C9A0028CAA3 /* S-AES.swift in Sources */,
			);
			runOnlyForDeploymentPostprocessing = 0;
		};
		CE3C3B901BF9E39F005D8F7B /* Sources */ = {
			isa = PBXSourcesBuildPhase;
			buildActionMask = 2147483647;
			files = (
				CE3C3B981BF9E39F005D8F7B /* main.swift in Sources */,
				ABCF4BC01EAD0C9A0028CAA3 /* Nibble.swift in Sources */,
				ABCF4BC21EAD0C9A0028CAA3 /* S-AES.swift in Sources */,
			);
			runOnlyForDeploymentPostprocessing = 0;
		};
/* End PBXSourcesBuildPhase section */

/* Begin XCBuildConfiguration section */
		ABCF4BB71EAD05A70028CAA3 /* Debug */ = {
			isa = XCBuildConfiguration;
			buildSettings = {
				CLANG_ANALYZER_NONNULL = YES;
				CLANG_ANALYZER_NUMBER_OBJECT_CONVERSION = YES_AGGRESSIVE;
				CLANG_ENABLE_MODULES = YES;
				CLANG_WARN_DOCUMENTATION_COMMENTS = YES;
				CLANG_WARN_INFINITE_RECURSION = YES;
				CLANG_WARN_SUSPICIOUS_MOVE = YES;
				CODE_SIGN_IDENTITY = "";
				COMBINE_HIDPI_IMAGES = YES;
				CURRENT_PROJECT_VERSION = 1;
				DEFINES_MODULE = YES;
				DYLIB_COMPATIBILITY_VERSION = 1;
				DYLIB_CURRENT_VERSION = 1;
				DYLIB_INSTALL_NAME_BASE = "@rpath";
				FRAMEWORK_VERSION = A;
				INFOPLIST_FILE = "$(SRCROOT)/swift-s-aes/Info.plist";
				INSTALL_PATH = "$(LOCAL_LIBRARY_DIR)/Frameworks";
				LD_RUNPATH_SEARCH_PATHS = "$(inherited) @executable_path/../Frameworks @loader_path/Frameworks";
				MACOSX_DEPLOYMENT_TARGET = 10.12;
				PRODUCT_BUNDLE_IDENTIFIER = me.jonathanchan.SwiftSAES;
				PRODUCT_NAME = "$(TARGET_NAME)";
				SKIP_INSTALL = YES;
				SWIFT_ACTIVE_COMPILATION_CONDITIONS = DEBUG;
				SWIFT_OPTIMIZATION_LEVEL = "-Onone";
				SWIFT_VERSION = 3.0;
				VERSIONING_SYSTEM = "apple-generic";
				VERSION_INFO_PREFIX = "";
			};
			name = Debug;
		};
		ABCF4BB81EAD05A70028CAA3 /* Release */ = {
			isa = XCBuildConfiguration;
			buildSettings = {
				CLANG_ANALYZER_NONNULL = YES;
				CLANG_ANALYZER_NUMBER_OBJECT_CONVERSION = YES_AGGRESSIVE;
				CLANG_ENABLE_MODULES = YES;
				CLANG_WARN_DOCUMENTATION_COMMENTS = YES;
				CLANG_WARN_INFINITE_RECURSION = YES;
				CLANG_WARN_SUSPICIOUS_MOVE = YES;
				CODE_SIGN_IDENTITY = "";
				COMBINE_HIDPI_IMAGES = YES;
				CURRENT_PROJECT_VERSION = 1;
				DEFINES_MODULE = YES;
				DYLIB_COMPATIBILITY_VERSION = 1;
				DYLIB_CURRENT_VERSION = 1;
				DYLIB_INSTALL_NAME_BASE = "@rpath";
				FRAMEWORK_VERSION = A;
				INFOPLIST_FILE = "$(SRCROOT)/swift-s-aes/Info.plist";
				INSTALL_PATH = "$(LOCAL_LIBRARY_DIR)/Frameworks";
				LD_RUNPATH_SEARCH_PATHS = "$(inherited) @executable_path/../Frameworks @loader_path/Frameworks";
				MACOSX_DEPLOYMENT_TARGET = 10.12;
				PRODUCT_BUNDLE_IDENTIFIER = me.jonathanchan.SwiftSAES;
				PRODUCT_NAME = "$(TARGET_NAME)";
				SKIP_INSTALL = YES;
				SWIFT_OPTIMIZATION_LEVEL = "-Owholemodule";
				SWIFT_VERSION = 3.0;
				VERSIONING_SYSTEM = "apple-generic";
				VERSION_INFO_PREFIX = "";
			};
			name = Release;
		};
		CE3C3B991BF9E39F005D8F7B /* Debug */ = {
			isa = XCBuildConfiguration;
			buildSettings = {
				ALWAYS_SEARCH_USER_PATHS = NO;
				CLANG_CXX_LANGUAGE_STANDARD = "gnu++0x";
				CLANG_CXX_LIBRARY = "libc++";
				CLANG_ENABLE_MODULES = YES;
				CLANG_ENABLE_OBJC_ARC = YES;
				CLANG_WARN_BOOL_CONVERSION = YES;
				CLANG_WARN_CONSTANT_CONVERSION = YES;
				CLANG_WARN_DIRECT_OBJC_ISA_USAGE = YES_ERROR;
				CLANG_WARN_EMPTY_BODY = YES;
				CLANG_WARN_ENUM_CONVERSION = YES;
				CLANG_WARN_INFINITE_RECURSION = YES;
				CLANG_WARN_INT_CONVERSION = YES;
				CLANG_WARN_OBJC_ROOT_CLASS = YES_ERROR;
				CLANG_WARN_SUSPICIOUS_MOVE = YES;
				CLANG_WARN_UNREACHABLE_CODE = YES;
				CLANG_WARN__DUPLICATE_METHOD_MATCH = YES;
				CODE_SIGN_IDENTITY = "-";
				COPY_PHASE_STRIP = NO;
				DEBUG_INFORMATION_FORMAT = dwarf;
				ENABLE_STRICT_OBJC_MSGSEND = YES;
				ENABLE_TESTABILITY = YES;
				GCC_C_LANGUAGE_STANDARD = gnu99;
				GCC_DYNAMIC_NO_PIC = NO;
				GCC_NO_COMMON_BLOCKS = YES;
				GCC_OPTIMIZATION_LEVEL = 0;
				GCC_PREPROCESSOR_DEFINITIONS = (
					"DEBUG=1",
					"$(inherited)",
				);
				GCC_WARN_64_TO_32_BIT_CONVERSION = YES;
				GCC_WARN_ABOUT_RETURN_TYPE = YES_ERROR;
				GCC_WARN_UNDECLARED_SELECTOR = YES;
				GCC_WARN_UNINITIALIZED_AUTOS = YES_AGGRESSIVE;
				GCC_WARN_UNUSED_FUNCTION = YES;
				GCC_WARN_UNUSED_VARIABLE = YES;
				MACOSX_DEPLOYMENT_TARGET = 10.11;
				MTL_ENABLE_DEBUG_INFO = YES;
				ONLY_ACTIVE_ARCH = YES;
				SDKROOT = macosx;
				SWIFT_OPTIMIZATION_LEVEL = "-Onone";
			};
			name = Debug;
		};
		CE3C3B9A1BF9E39F005D8F7B /* Release */ = {
			isa = XCBuildConfiguration;
			buildSettings = {
				ALWAYS_SEARCH_USER_PATHS = NO;
				CLANG_CXX_LANGUAGE_STANDARD = "gnu++0x";
				CLANG_CXX_LIBRARY = "libc++";
				CLANG_ENABLE_MODULES = YES;
				CLANG_ENABLE_OBJC_ARC = YES;
				CLANG_WARN_BOOL_CONVERSION = YES;
				CLANG_WARN_CONSTANT_CONVERSION = YES;
				CLANG_WARN_DIRECT_OBJC_ISA_USAGE = YES_ERROR;
				CLANG_WARN_EMPTY_BODY = YES;
				CLANG_WARN_ENUM_CONVERSION = YES;
				CLANG_WARN_INFINITE_RECURSION = YES;
				CLANG_WARN_INT_CONVERSION = YES;
				CLANG_WARN_OBJC_ROOT_CLASS = YES_ERROR;
				CLANG_WARN_SUSPICIOUS_MOVE = YES;
				CLANG_WARN_UNREACHABLE_CODE = YES;
				CLANG_WARN__DUPLICATE_METHOD_MATCH = YES;
				CODE_SIGN_IDENTITY = "-";
				COPY_PHASE_STRIP = NO;
				DEBUG_INFORMATION_FORMAT = "dwarf-with-dsym";
				ENABLE_NS_ASSERTIONS = NO;
				ENABLE_STRICT_OBJC_MSGSEND = YES;
				GCC_C_LANGUAGE_STANDARD = gnu99;
				GCC_NO_COMMON_BLOCKS = YES;
				GCC_WARN_64_TO_32_BIT_CONVERSION = YES;
				GCC_WARN_ABOUT_RETURN_TYPE = YES_ERROR;
				GCC_WARN_UNDECLARED_SELECTOR = YES;
				GCC_WARN_UNINITIALIZED_AUTOS = YES_AGGRESSIVE;
				GCC_WARN_UNUSED_FUNCTION = YES;
				GCC_WARN_UNUSED_VARIABLE = YES;
				MACOSX_DEPLOYMENT_TARGET = 10.11;
				MTL_ENABLE_DEBUG_INFO = NO;
				SDKROOT = macosx;
				SWIFT_OPTIMIZATION_LEVEL = "-Owholemodule";
			};
			name = Release;
		};
		CE3C3B9C1BF9E39F005D8F7B /* Debug */ = {
			isa = XCBuildConfiguration;
			buildSettings = {
				PRODUCT_NAME = "$(TARGET_NAME)";
				SWIFT_VERSION = 3.0;
			};
			name = Debug;
		};
		CE3C3B9D1BF9E39F005D8F7B /* Release */ = {
			isa = XCBuildConfiguration;
			buildSettings = {
				PRODUCT_NAME = "$(TARGET_NAME)";
				SWIFT_VERSION = 3.0;
			};
			name = Release;
		};
/* End XCBuildConfiguration section */

/* Begin XCConfigurationList section */
		ABCF4BB61EAD05A70028CAA3 /* Build configuration list for PBXNativeTarget "SwiftSAES" */ = {
			isa = XCConfigurationList;
			buildConfigurations = (
				ABCF4BB71EAD05A70028CAA3 /* Debug */,
				ABCF4BB81EAD05A70028CAA3 /* Release */,
			);
			defaultConfigurationIsVisible = 0;
			defaultConfigurationName = Release;
		};
		CE3C3B8F1BF9E39F005D8F7B /* Build configuration list for PBXProject "swift-s-aes" */ = {
			isa = XCConfigurationList;
			buildConfigurations = (
				CE3C3B991BF9E39F005D8F7B /* Debug */,
				CE3C3B9A1BF9E39F005D8F7B /* Release */,
			);
			defaultConfigurationIsVisible = 0;
			defaultConfigurationName = Release;
		};
		CE3C3B9B1BF9E39F005D8F7B /* Build configuration list for PBXNativeTarget "swift-s-aes" */ = {
			isa = XCConfigurationList;
			buildConfigurations = (
				CE3C3B9C1BF9E39F005D8F7B /* Debug */,
				CE3C3B9D1BF9E39F005D8F7B /* Release */,
			);
			defaultConfigurationIsVisible = 0;
			defaultConfigurationName = Release;
		};
/* End XCConfigurationList section */
	};
	rootObject = CE3C3B8C1BF9E39F005D8F7B /* Project object */;
}
